
Microsoft Visual Studio Solution File, Format Version 12.00
# Visual Studio Version 17
VisualStudioVersion = 17.9.34728.123
MinimumVisualStudioVersion = 10.0.40219.1
Project("{2150E333-8FDC-42A3-9474-1A3956D46DE8}") = "Libraries", "Libraries", "{2DCBC4EF-D103-4E32-A49B-C76B30D4EC30}"
EndProject
Project("{2150E333-8FDC-42A3-9474-1A3956D46DE8}") = "Handlers", "Handlers", "{7631EF70-A00D-4CEC-B486-F47680B5A7B9}"
EndProject
Project("{2150E333-8FDC-42A3-9474-1A3956D46DE8}") = "Testers", "Testers", "{ED28EE67-36CF-43A8-AB16-A0746A72D14E}"
EndProject
Project("{9A19103F-16F7-4668-BE54-9A1E7A4F7556}") = "ClickTester", "Testers\ClickTester\ClickTester.csproj", "{B0B15A03-70CE-4D57-9505-80B48A6CBE48}"
	ProjectSection(ProjectDependencies) = postProject
		{E7567F7C-ACA1-46CB-83EB-8091D8C266B4} = {E7567F7C-ACA1-46CB-83EB-8091D8C266B4}
	EndProjectSection
EndProject
Project("{9A19103F-16F7-4668-BE54-9A1E7A4F7556}") = "ClickPLCHandler", "Handlers\ClickPLCHandler\ClickPLCHandler.csproj", "{3BA6A399-E691-4839-B93F-A63EABBD24CF}"
EndProject
Project("{9A19103F-16F7-4668-BE54-9A1E7A4F7556}") = "ModBusClient", "Handlers\ModBusClientHandler\ModBusClient.csproj", "{E7567F7C-ACA1-46CB-83EB-8091D8C266B4}"
EndProject
Project("{9A19103F-16F7-4668-BE54-9A1E7A4F7556}") = "HWControlUtilities", "Libraries\HWControlCommon\HWControlUtilities.csproj", "{FD6B8A34-153C-4251-8BDC-76048E4CE921}"
EndProject
Project("{9A19103F-16F7-4668-BE54-9A1E7A4F7556}") = "ClickDllTester", "Testers\ClickTesterDllOnly\ClickDllTester.csproj", "{CFE61290-AB33-4C7B-B683-4A82C5A656DA}"
EndProject
Project("{9A19103F-16F7-4668-BE54-9A1E7A4F7556}") = "ClickPlcUnitTest", "Testers\ClickPlcUnitTest\ClickPlcUnitTest.csproj", "{F3681FDF-7C6B-4971-870A-C9A76378B1D4}"
EndProject
Project("{8BC9CEB8-8B4A-11D0-8D11-00A0C91BC942}") = "DAQmxCLIHandler", "Handlers\DAQmxCLIHandler\DAQmxCLIHandler.vcxproj", "{6E90244A-4784-4B71-88B6-462939BF5D20}"
EndProject
Project("{9A19103F-16F7-4668-BE54-9A1E7A4F7556}") = "DAQmxWrapUnitTest", "Testers\DAQmxWrapUnitTest\DAQmxWrapUnitTest.csproj", "{48082EA0-B933-49B9-A240-42991B241244}"
EndProject
Project("{2150E333-8FDC-42A3-9474-1A3956D46DE8}") = "StandAlone", "StandAlone", "{6378F841-C4BF-45AB-8E2D-A3673B54C041}"
EndProject
Project("{9A19103F-16F7-4668-BE54-9A1E7A4F7556}") = "MMTimer", "Testers\ConsoleApp1\MMTimer.csproj", "{ADF47285-1E10-46D8-AC05-AFD87960A2A9}"
EndProject
Project("{9A19103F-16F7-4668-BE54-9A1E7A4F7556}") = "Utilities", "Libraries\Utilities\Utilities.csproj", "{F8D93F49-51E9-4427-A582-8EBF691FCE6C}"
EndProject
Project("{9A19103F-16F7-4668-BE54-9A1E7A4F7556}") = "MMTUnitTest", "Testers\MMT_Tester\MMTUnitTest.csproj", "{38225816-6869-4FC1-8C30-C21CB86F691C}"
EndProject
Project("{8BC9CEB8-8B4A-11D0-8D11-00A0C91BC942}") = "BoostCheck", "Testers\BoostCheck\BoostCheck.vcxproj", "{49600011-AFA5-494A-9207-ECDFE4046D03}"
EndProject
Global
	GlobalSection(SolutionConfigurationPlatforms) = preSolution
		Debug|Any CPU = Debug|Any CPU
		Debug|x64 = Debug|x64
		Release|Any CPU = Release|Any CPU
		Release|x64 = Release|x64
	EndGlobalSection
	GlobalSection(ProjectConfigurationPlatforms) = postSolution
		{B0B15A03-70CE-4D57-9505-80B48A6CBE48}.Debug|Any CPU.ActiveCfg = Debug|x64
		{B0B15A03-70CE-4D57-9505-80B48A6CBE48}.Debug|Any CPU.Build.0 = Debug|x64
		{B0B15A03-70CE-4D57-9505-80B48A6CBE48}.Debug|x64.ActiveCfg = Debug|x64
		{B0B15A03-70CE-4D57-9505-80B48A6CBE48}.Debug|x64.Build.0 = Debug|x64
		{B0B15A03-70CE-4D57-9505-80B48A6CBE48}.Release|Any CPU.ActiveCfg = Release|x64
		{B0B15A03-70CE-4D57-9505-80B48A6CBE48}.Release|Any CPU.Build.0 = Release|x64
		{B0B15A03-70CE-4D57-9505-80B48A6CBE48}.Release|x64.ActiveCfg = Release|x64
		{B0B15A03-70CE-4D57-9505-80B48A6CBE48}.Release|x64.Build.0 = Release|x64
		{3BA6A399-E691-4839-B93F-A63EABBD24CF}.Debug|Any CPU.ActiveCfg = Debug|x64
		{3BA6A399-E691-4839-B93F-A63EABBD24CF}.Debug|Any CPU.Build.0 = Debug|x64
		{3BA6A399-E691-4839-B93F-A63EABBD24CF}.Debug|x64.ActiveCfg = Debug|x64
		{3BA6A399-E691-4839-B93F-A63EABBD24CF}.Debug|x64.Build.0 = Debug|x64
		{3BA6A399-E691-4839-B93F-A63EABBD24CF}.Release|Any CPU.ActiveCfg = Release|x64
		{3BA6A399-E691-4839-B93F-A63EABBD24CF}.Release|Any CPU.Build.0 = Release|x64
		{3BA6A399-E691-4839-B93F-A63EABBD24CF}.Release|x64.ActiveCfg = Release|x64
		{3BA6A399-E691-4839-B93F-A63EABBD24CF}.Release|x64.Build.0 = Release|x64
		{E7567F7C-ACA1-46CB-83EB-8091D8C266B4}.Debug|Any CPU.ActiveCfg = Debug|x64
		{E7567F7C-ACA1-46CB-83EB-8091D8C266B4}.Debug|Any CPU.Build.0 = Debug|x64
		{E7567F7C-ACA1-46CB-83EB-8091D8C266B4}.Debug|x64.ActiveCfg = Debug|x64
		{E7567F7C-ACA1-46CB-83EB-8091D8C266B4}.Debug|x64.Build.0 = Debug|x64
		{E7567F7C-ACA1-46CB-83EB-8091D8C266B4}.Release|Any CPU.ActiveCfg = Release|x64
		{E7567F7C-ACA1-46CB-83EB-8091D8C266B4}.Release|Any CPU.Build.0 = Release|x64
		{E7567F7C-ACA1-46CB-83EB-8091D8C266B4}.Release|x64.ActiveCfg = Release|x64
		{E7567F7C-ACA1-46CB-83EB-8091D8C266B4}.Release|x64.Build.0 = Release|x64
		{FD6B8A34-153C-4251-8BDC-76048E4CE921}.Debug|Any CPU.ActiveCfg = Debug|x64
		{FD6B8A34-153C-4251-8BDC-76048E4CE921}.Debug|Any CPU.Build.0 = Debug|x64
		{FD6B8A34-153C-4251-8BDC-76048E4CE921}.Debug|x64.ActiveCfg = Debug|x64
		{FD6B8A34-153C-4251-8BDC-76048E4CE921}.Debug|x64.Build.0 = Debug|x64
		{FD6B8A34-153C-4251-8BDC-76048E4CE921}.Release|Any CPU.ActiveCfg = Release|x64
		{FD6B8A34-153C-4251-8BDC-76048E4CE921}.Release|Any CPU.Build.0 = Release|x64
		{FD6B8A34-153C-4251-8BDC-76048E4CE921}.Release|x64.ActiveCfg = Release|x64
		{FD6B8A34-153C-4251-8BDC-76048E4CE921}.Release|x64.Build.0 = Release|x64
		{CFE61290-AB33-4C7B-B683-4A82C5A656DA}.Debug|Any CPU.ActiveCfg = Debug|x64
		{CFE61290-AB33-4C7B-B683-4A82C5A656DA}.Debug|Any CPU.Build.0 = Debug|x64
		{CFE61290-AB33-4C7B-B683-4A82C5A656DA}.Debug|x64.ActiveCfg = Debug|x64
		{CFE61290-AB33-4C7B-B683-4A82C5A656DA}.Release|Any CPU.ActiveCfg = Release|x64
		{CFE61290-AB33-4C7B-B683-4A82C5A656DA}.Release|Any CPU.Build.0 = Release|x64
		{CFE61290-AB33-4C7B-B683-4A82C5A656DA}.Release|x64.ActiveCfg = Release|x64
		{F3681FDF-7C6B-4971-870A-C9A76378B1D4}.Debug|Any CPU.ActiveCfg = Debug|x64
		{F3681FDF-7C6B-4971-870A-C9A76378B1D4}.Debug|Any CPU.Build.0 = Debug|x64
		{F3681FDF-7C6B-4971-870A-C9A76378B1D4}.Debug|x64.ActiveCfg = Debug|x64
		{F3681FDF-7C6B-4971-870A-C9A76378B1D4}.Debug|x64.Build.0 = Debug|x64
		{F3681FDF-7C6B-4971-870A-C9A76378B1D4}.Release|Any CPU.ActiveCfg = Release|x64
		{F3681FDF-7C6B-4971-870A-C9A76378B1D4}.Release|Any CPU.Build.0 = Release|x64
		{F3681FDF-7C6B-4971-870A-C9A76378B1D4}.Release|x64.ActiveCfg = Release|x64
		{F3681FDF-7C6B-4971-870A-C9A76378B1D4}.Release|x64.Build.0 = Release|x64
		{6E90244A-4784-4B71-88B6-462939BF5D20}.Debug|Any CPU.ActiveCfg = Debug|x64
		{6E90244A-4784-4B71-88B6-462939BF5D20}.Debug|Any CPU.Build.0 = Debug|x64
		{6E90244A-4784-4B71-88B6-462939BF5D20}.Debug|x64.ActiveCfg = Debug|x64
		{6E90244A-4784-4B71-88B6-462939BF5D20}.Debug|x64.Build.0 = Debug|x64
		{6E90244A-4784-4B71-88B6-462939BF5D20}.Release|Any CPU.ActiveCfg = Release|x64
		{6E90244A-4784-4B71-88B6-462939BF5D20}.Release|Any CPU.Build.0 = Release|x64
		{6E90244A-4784-4B71-88B6-462939BF5D20}.Release|x64.ActiveCfg = Release|x64
		{6E90244A-4784-4B71-88B6-462939BF5D20}.Release|x64.Build.0 = Release|x64
		{48082EA0-B933-49B9-A240-42991B241244}.Debug|Any CPU.ActiveCfg = Debug|x64
		{48082EA0-B933-49B9-A240-42991B241244}.Debug|Any CPU.Build.0 = Debug|x64
		{48082EA0-B933-49B9-A240-42991B241244}.Debug|x64.ActiveCfg = Debug|x64
		{48082EA0-B933-49B9-A240-42991B241244}.Debug|x64.Build.0 = Debug|x64
		{48082EA0-B933-49B9-A240-42991B241244}.Release|Any CPU.ActiveCfg = Release|x64
		{48082EA0-B933-49B9-A240-42991B241244}.Release|Any CPU.Build.0 = Release|x64
		{48082EA0-B933-49B9-A240-42991B241244}.Release|x64.ActiveCfg = Release|x64
		{ADF47285-1E10-46D8-AC05-AFD87960A2A9}.Debug|Any CPU.ActiveCfg = Debug|x64
		{ADF47285-1E10-46D8-AC05-AFD87960A2A9}.Debug|Any CPU.Build.0 = Debug|x64
		{ADF47285-1E10-46D8-AC05-AFD87960A2A9}.Debug|x64.ActiveCfg = Debug|x64
		{ADF47285-1E10-46D8-AC05-AFD87960A2A9}.Release|Any CPU.ActiveCfg = Release|x64
		{ADF47285-1E10-46D8-AC05-AFD87960A2A9}.Release|Any CPU.Build.0 = Release|x64
		{ADF47285-1E10-46D8-AC05-AFD87960A2A9}.Release|x64.ActiveCfg = Release|x64
		{ADF47285-1E10-46D8-AC05-AFD87960A2A9}.Release|x64.Build.0 = Release|x64
		{F8D93F49-51E9-4427-A582-8EBF691FCE6C}.Debug|Any CPU.ActiveCfg = Debug|Any CPU
		{F8D93F49-51E9-4427-A582-8EBF691FCE6C}.Debug|Any CPU.Build.0 = Debug|Any CPU
		{F8D93F49-51E9-4427-A582-8EBF691FCE6C}.Debug|x64.ActiveCfg = Debug|x64
		{F8D93F49-51E9-4427-A582-8EBF691FCE6C}.Debug|x64.Build.0 = Debug|x64
		{F8D93F49-51E9-4427-A582-8EBF691FCE6C}.Release|Any CPU.ActiveCfg = Release|Any CPU
		{F8D93F49-51E9-4427-A582-8EBF691FCE6C}.Release|Any CPU.Build.0 = Release|Any CPU
		{F8D93F49-51E9-4427-A582-8EBF691FCE6C}.Release|x64.ActiveCfg = Release|x64
		{F8D93F49-51E9-4427-A582-8EBF691FCE6C}.Release|x64.Build.0 = Release|x64
		{38225816-6869-4FC1-8C30-C21CB86F691C}.Debug|Any CPU.ActiveCfg = Debug|Any CPU
		{38225816-6869-4FC1-8C30-C21CB86F691C}.Debug|Any CPU.Build.0 = Debug|Any CPU
		{38225816-6869-4FC1-8C30-C21CB86F691C}.Debug|x64.ActiveCfg = Debug|x64
		{38225816-6869-4FC1-8C30-C21CB86F691C}.Debug|x64.Build.0 = Debug|x64
		{38225816-6869-4FC1-8C30-C21CB86F691C}.Release|Any CPU.ActiveCfg = Release|Any CPU
		{38225816-6869-4FC1-8C30-C21CB86F691C}.Release|Any CPU.Build.0 = Release|Any CPU
		{38225816-6869-4FC1-8C30-C21CB86F691C}.Release|x64.ActiveCfg = Release|x64
		{38225816-6869-4FC1-8C30-C21CB86F691C}.Release|x64.Build.0 = Release|x64
		{49600011-AFA5-494A-9207-ECDFE4046D03}.Debug|Any CPU.ActiveCfg = Debug|x64
		{49600011-AFA5-494A-9207-ECDFE4046D03}.Debug|Any CPU.Build.0 = Debug|x64
		{49600011-AFA5-494A-9207-ECDFE4046D03}.Debug|x64.ActiveCfg = Debug|x64
		{49600011-AFA5-494A-9207-ECDFE4046D03}.Debug|x64.Build.0 = Debug|x64
		{49600011-AFA5-494A-9207-ECDFE4046D03}.Release|Any CPU.ActiveCfg = Release|x64
		{49600011-AFA5-494A-9207-ECDFE4046D03}.Release|Any CPU.Build.0 = Release|x64
		{49600011-AFA5-494A-9207-ECDFE4046D03}.Release|x64.ActiveCfg = Release|x64
		{49600011-AFA5-494A-9207-ECDFE4046D03}.Release|x64.Build.0 = Release|x64
	EndGlobalSection
	GlobalSection(SolutionProperties) = preSolution
		HideSolutionNode = FALSE
	EndGlobalSection
	GlobalSection(NestedProjects) = preSolution
		{B0B15A03-70CE-4D57-9505-80B48A6CBE48} = {ED28EE67-36CF-43A8-AB16-A0746A72D14E}
		{3BA6A399-E691-4839-B93F-A63EABBD24CF} = {7631EF70-A00D-4CEC-B486-F47680B5A7B9}
		{E7567F7C-ACA1-46CB-83EB-8091D8C266B4} = {7631EF70-A00D-4CEC-B486-F47680B5A7B9}
		{FD6B8A34-153C-4251-8BDC-76048E4CE921} = {2DCBC4EF-D103-4E32-A49B-C76B30D4EC30}
		{CFE61290-AB33-4C7B-B683-4A82C5A656DA} = {ED28EE67-36CF-43A8-AB16-A0746A72D14E}
		{F3681FDF-7C6B-4971-870A-C9A76378B1D4} = {ED28EE67-36CF-43A8-AB16-A0746A72D14E}
		{6E90244A-4784-4B71-88B6-462939BF5D20} = {7631EF70-A00D-4CEC-B486-F47680B5A7B9}
		{48082EA0-B933-49B9-A240-42991B241244} = {ED28EE67-36CF-43A8-AB16-A0746A72D14E}
		{ADF47285-1E10-46D8-AC05-AFD87960A2A9} = {ED28EE67-36CF-43A8-AB16-A0746A72D14E}
		{F8D93F49-51E9-4427-A582-8EBF691FCE6C} = {2DCBC4EF-D103-4E32-A49B-C76B30D4EC30}
		{38225816-6869-4FC1-8C30-C21CB86F691C} = {ED28EE67-36CF-43A8-AB16-A0746A72D14E}
		{49600011-AFA5-494A-9207-ECDFE4046D03} = {ED28EE67-36CF-43A8-AB16-A0746A72D14E}
	EndGlobalSection
	GlobalSection(ExtensibilityGlobals) = postSolution
		SolutionGuid = {B1BB9CAA-C714-4F68-B8D1-47CAD9A90738}
	EndGlobalSection
EndGlobal
