
Microsoft Visual Studio Solution File, Format Version 12.00
# Visual Studio Version 17
VisualStudioVersion = 17.9.34728.123
MinimumVisualStudioVersion = 10.0.40219.1
Project("{2150E333-8FDC-42A3-9474-1A3956D46DE8}") = "Libraries", "Libraries", "{2DCBC4EF-D103-4E32-A49B-C76B30D4EC30}"
EndProject
Project("{2150E333-8FDC-42A3-9474-1A3956D46DE8}") = "Drivers", "Drivers", "{7631EF70-A00D-4CEC-B486-F47680B5A7B9}"
EndProject
Project("{2150E333-8FDC-42A3-9474-1A3956D46DE8}") = "Testers", "Testers", "{ED28EE67-36CF-43A8-AB16-A0746A72D14E}"
EndProject
Project("{9A19103F-16F7-4668-BE54-9A1E7A4F7556}") = "ClickTester", "Testers\ClickTester\ClickTester.csproj", "{B0B15A03-70CE-4D57-9505-80B48A6CBE48}"
EndProject
Project("{9A19103F-16F7-4668-BE54-9A1E7A4F7556}") = "SDAQFramework", "Libraries\HWControlCommon\SDAQFramework.csproj", "{FD6B8A34-153C-4251-8BDC-76048E4CE921}"
EndProject
Project("{9A19103F-16F7-4668-BE54-9A1E7A4F7556}") = "ClickDllTester", "Testers\ClickTesterDllOnly\ClickDllTester.csproj", "{CFE61290-AB33-4C7B-B683-4A82C5A656DA}"
	ProjectSection(ProjectDependencies) = postProject
		{536F7A52-7307-4CEA-85BF-364426CDC219} = {536F7A52-7307-4CEA-85BF-364426CDC219}
	EndProjectSection
EndProject
Project("{9A19103F-16F7-4668-BE54-9A1E7A4F7556}") = "ClickPlcUnitTest", "Testers\ClickPlcUnitTest\ClickPlcUnitTest.csproj", "{F3681FDF-7C6B-4971-870A-C9A76378B1D4}"
EndProject
Project("{9A19103F-16F7-4668-BE54-9A1E7A4F7556}") = "DAQmxWrapUnitTest", "Testers\DAQmxWrapUnitTest\DAQmxWrapUnitTest.csproj", "{48082EA0-B933-49B9-A240-42991B241244}"
EndProject
Project("{9A19103F-16F7-4668-BE54-9A1E7A4F7556}") = "MMTimer", "Testers\ConsoleApp1\MMTimer.csproj", "{ADF47285-1E10-46D8-AC05-AFD87960A2A9}"
EndProject
Project("{9A19103F-16F7-4668-BE54-9A1E7A4F7556}") = "MMTUnitTest", "Testers\MMT_Tester\MMTUnitTest.csproj", "{38225816-6869-4FC1-8C30-C21CB86F691C}"
EndProject
Project("{8BC9CEB8-8B4A-11D0-8D11-00A0C91BC942}") = "BoostCheck", "Testers\BoostCheck\BoostCheck.vcxproj", "{49600011-AFA5-494A-9207-ECDFE4046D03}"
EndProject
Project("{8BC9CEB8-8B4A-11D0-8D11-00A0C91BC942}") = "MMTimerCPP", "Testers\MMTimerCPP\MMTimerCPP.vcxproj", "{ACCC4C9B-BC92-44D2-8FC2-7C1BC16E3AE0}"
EndProject
Project("{9A19103F-16F7-4668-BE54-9A1E7A4F7556}") = "TimerTest", "Testers\TimerTest\TimerTest.csproj", "{44560634-20E2-40C9-9485-14ED32127071}"
EndProject
Project("{9A19103F-16F7-4668-BE54-9A1E7A4F7556}") = "ClickPLCDriver", "Drivers\ClickPLC\ClickPLCDriver.csproj", "{536F7A52-7307-4CEA-85BF-364426CDC219}"
EndProject
Project("{8BC9CEB8-8B4A-11D0-8D11-00A0C91BC942}") = "DAQmxNETDriver", "Drivers\DAQmxCLI\DAQmxNETDriver.vcxproj", "{6E90244A-4784-4B71-88B6-462939BF5D20}"
EndProject
Project("{9A19103F-16F7-4668-BE54-9A1E7A4F7556}") = "ModBusClient", "Drivers\ModBusClient\ModBusClient.csproj", "{77F65B65-90F8-4430-B2B9-8C17AFF411E7}"
EndProject
Project("{9A19103F-16F7-4668-BE54-9A1E7A4F7556}") = "DAQmxDeviceServer", "Drivers\DAQmxDeviceServer\DAQmxDeviceServer.csproj", "{388686F4-5154-423E-8599-5C7A885E9E3A}"
EndProject
Project("{9A19103F-16F7-4668-BE54-9A1E7A4F7556}") = "DAQmxTester", "Testers\DAQmxTester\DAQmxTester.csproj", "{6B82F441-F7AE-40D8-89CC-71199371010C}"
EndProject
Project("{9A19103F-16F7-4668-BE54-9A1E7A4F7556}") = "ActiveFIFOTest", "Testers\ActiveFIFOTest\ActiveFIFOTest.csproj", "{DB3DB096-B3D9-4A4B-AF34-F961084A9BDB}"
EndProject
Project("{FAE04EC0-301F-11D3-BF4B-00C04F79EFBC}") = "BufferTester", "Testers\BufferTester\BufferTester.csproj", "{167E10FD-CF9C-49AE-B90F-779448691640}"
EndProject
Project("{FAE04EC0-301F-11D3-BF4B-00C04F79EFBC}") = "BufferMSTest", "Testers\BufferMSTest\BufferMSTest.csproj", "{55F279AE-68B4-418B-A869-FAE7BA4DE846}"
EndProject
Project("{FAE04EC0-301F-11D3-BF4B-00C04F79EFBC}") = "DormanWorkerTester", "Testers\DormanWorkerTester\DormanWorkerTester.csproj", "{EB17B5A3-4153-49FA-89CD-6BEA77D78F9B}"
EndProject
Project("{2150E333-8FDC-42A3-9474-1A3956D46DE8}") = "Timers", "Timers", "{02EA681E-C7D8-13C7-8484-4AC65E1B71E8}"
EndProject
Project("{2150E333-8FDC-42A3-9474-1A3956D46DE8}") = "ClickPLC", "ClickPLC", "{D8D5BA1F-3311-48CB-AD01-F6F6D34425D8}"
EndProject
Project("{2150E333-8FDC-42A3-9474-1A3956D46DE8}") = "Buffering", "Buffering", "{0C769281-F31C-4097-9395-1898603FC48C}"
EndProject
Project("{2150E333-8FDC-42A3-9474-1A3956D46DE8}") = "DAQmx", "DAQmx", "{BBE4D9A2-BEBA-4B77-87F5-4BDBD2096390}"
EndProject
Project("{2150E333-8FDC-42A3-9474-1A3956D46DE8}") = "General", "General", "{F91BC500-884B-4444-88A8-22A2FC0DCF53}"
EndProject
Project("{FAE04EC0-301F-11D3-BF4B-00C04F79EFBC}") = "StatAdderTester", "Testers\StatAdderTester\StatAdderTester.csproj", "{DF32D42C-2998-44C3-8D4D-0B4061F67F25}"
EndProject
Project("{FAE04EC0-301F-11D3-BF4B-00C04F79EFBC}") = "StatePatternFramework", "Libraries\StatePatternFramework\StatePatternFramework.csproj", "{DB0086BA-902F-C398-CE3E-C8080A989848}"
EndProject
Project("{FAE04EC0-301F-11D3-BF4B-00C04F79EFBC}") = "SimpleMMTimer", "Testers\SimpleMMTimer\SimpleMMTimer.csproj", "{4E22A349-8794-8D19-2383-63D6E1320FDB}"
EndProject
Project("{FAE04EC0-301F-11D3-BF4B-00C04F79EFBC}") = "StatePatternFrameworkTests", "Testers\StatePatternFrameworkTests\StatePatternFrameworkTests.csproj", "{724CF42F-EBF7-46B3-B9BF-06A8D8A76264}"
EndProject
Global
	GlobalSection(SolutionConfigurationPlatforms) = preSolution
		Debug|x64 = Debug|x64
		Debug|Any CPU = Debug|Any CPU
		Debug|x86 = Debug|x86
		Release|x64 = Release|x64
		Release|Any CPU = Release|Any CPU
		Release|x86 = Release|x86
	EndGlobalSection
	GlobalSection(ProjectConfigurationPlatforms) = postSolution
		{B0B15A03-70CE-4D57-9505-80B48A6CBE48}.Debug|x64.ActiveCfg = Debug|x64
		{B0B15A03-70CE-4D57-9505-80B48A6CBE48}.Debug|x64.Build.0 = Debug|x64
		{B0B15A03-70CE-4D57-9505-80B48A6CBE48}.Debug|Any CPU.ActiveCfg = Debug|Any CPU
		{B0B15A03-70CE-4D57-9505-80B48A6CBE48}.Debug|Any CPU.Build.0 = Debug|Any CPU
		{B0B15A03-70CE-4D57-9505-80B48A6CBE48}.Debug|x86.ActiveCfg = Debug|Any CPU
		{B0B15A03-70CE-4D57-9505-80B48A6CBE48}.Debug|x86.Build.0 = Debug|Any CPU
		{B0B15A03-70CE-4D57-9505-80B48A6CBE48}.Release|x64.ActiveCfg = Release|x64
		{B0B15A03-70CE-4D57-9505-80B48A6CBE48}.Release|x64.Build.0 = Release|x64
		{B0B15A03-70CE-4D57-9505-80B48A6CBE48}.Release|Any CPU.ActiveCfg = Release|Any CPU
		{B0B15A03-70CE-4D57-9505-80B48A6CBE48}.Release|Any CPU.Build.0 = Release|Any CPU
		{B0B15A03-70CE-4D57-9505-80B48A6CBE48}.Release|x86.ActiveCfg = Release|Any CPU
		{B0B15A03-70CE-4D57-9505-80B48A6CBE48}.Release|x86.Build.0 = Release|Any CPU
		{FD6B8A34-153C-4251-8BDC-76048E4CE921}.Debug|x64.ActiveCfg = Debug|x64
		{FD6B8A34-153C-4251-8BDC-76048E4CE921}.Debug|x64.Build.0 = Debug|x64
		{FD6B8A34-153C-4251-8BDC-76048E4CE921}.Debug|Any CPU.ActiveCfg = Debug|Any CPU
		{FD6B8A34-153C-4251-8BDC-76048E4CE921}.Debug|Any CPU.Build.0 = Debug|Any CPU
		{FD6B8A34-153C-4251-8BDC-76048E4CE921}.Debug|x86.ActiveCfg = Debug|Any CPU
		{FD6B8A34-153C-4251-8BDC-76048E4CE921}.Debug|x86.Build.0 = Debug|Any CPU
		{FD6B8A34-153C-4251-8BDC-76048E4CE921}.Release|x64.ActiveCfg = Release|x64
		{FD6B8A34-153C-4251-8BDC-76048E4CE921}.Release|x64.Build.0 = Release|x64
		{FD6B8A34-153C-4251-8BDC-76048E4CE921}.Release|Any CPU.ActiveCfg = Release|Any CPU
		{FD6B8A34-153C-4251-8BDC-76048E4CE921}.Release|Any CPU.Build.0 = Release|Any CPU
		{FD6B8A34-153C-4251-8BDC-76048E4CE921}.Release|x86.ActiveCfg = Release|Any CPU
		{FD6B8A34-153C-4251-8BDC-76048E4CE921}.Release|x86.Build.0 = Release|Any CPU
		{CFE61290-AB33-4C7B-B683-4A82C5A656DA}.Debug|x64.ActiveCfg = Debug|x64
		{CFE61290-AB33-4C7B-B683-4A82C5A656DA}.Debug|x64.Build.0 = Debug|x64
		{CFE61290-AB33-4C7B-B683-4A82C5A656DA}.Debug|Any CPU.ActiveCfg = Debug|Any CPU
		{CFE61290-AB33-4C7B-B683-4A82C5A656DA}.Debug|Any CPU.Build.0 = Debug|Any CPU
		{CFE61290-AB33-4C7B-B683-4A82C5A656DA}.Debug|x86.ActiveCfg = Debug|Any CPU
		{CFE61290-AB33-4C7B-B683-4A82C5A656DA}.Debug|x86.Build.0 = Debug|Any CPU
		{CFE61290-AB33-4C7B-B683-4A82C5A656DA}.Release|x64.ActiveCfg = Release|x64
		{CFE61290-AB33-4C7B-B683-4A82C5A656DA}.Release|x64.Build.0 = Release|x64
		{CFE61290-AB33-4C7B-B683-4A82C5A656DA}.Release|Any CPU.ActiveCfg = Release|Any CPU
		{CFE61290-AB33-4C7B-B683-4A82C5A656DA}.Release|Any CPU.Build.0 = Release|Any CPU
		{CFE61290-AB33-4C7B-B683-4A82C5A656DA}.Release|x86.ActiveCfg = Release|Any CPU
		{CFE61290-AB33-4C7B-B683-4A82C5A656DA}.Release|x86.Build.0 = Release|Any CPU
		{F3681FDF-7C6B-4971-870A-C9A76378B1D4}.Debug|x64.ActiveCfg = Debug|x64
		{F3681FDF-7C6B-4971-870A-C9A76378B1D4}.Debug|x64.Build.0 = Debug|x64
		{F3681FDF-7C6B-4971-870A-C9A76378B1D4}.Debug|Any CPU.ActiveCfg = Debug|Any CPU
		{F3681FDF-7C6B-4971-870A-C9A76378B1D4}.Debug|Any CPU.Build.0 = Debug|Any CPU
		{F3681FDF-7C6B-4971-870A-C9A76378B1D4}.Debug|x86.ActiveCfg = Debug|Any CPU
		{F3681FDF-7C6B-4971-870A-C9A76378B1D4}.Debug|x86.Build.0 = Debug|Any CPU
		{F3681FDF-7C6B-4971-870A-C9A76378B1D4}.Release|x64.ActiveCfg = Release|x64
		{F3681FDF-7C6B-4971-870A-C9A76378B1D4}.Release|x64.Build.0 = Release|x64
		{F3681FDF-7C6B-4971-870A-C9A76378B1D4}.Release|Any CPU.ActiveCfg = Release|Any CPU
		{F3681FDF-7C6B-4971-870A-C9A76378B1D4}.Release|Any CPU.Build.0 = Release|Any CPU
		{F3681FDF-7C6B-4971-870A-C9A76378B1D4}.Release|x86.ActiveCfg = Release|Any CPU
		{F3681FDF-7C6B-4971-870A-C9A76378B1D4}.Release|x86.Build.0 = Release|Any CPU
		{48082EA0-B933-49B9-A240-42991B241244}.Debug|x64.ActiveCfg = Debug|x64
		{48082EA0-B933-49B9-A240-42991B241244}.Debug|x64.Build.0 = Debug|x64
		{48082EA0-B933-49B9-A240-42991B241244}.Debug|Any CPU.ActiveCfg = Debug|Any CPU
		{48082EA0-B933-49B9-A240-42991B241244}.Debug|Any CPU.Build.0 = Debug|Any CPU
		{48082EA0-B933-49B9-A240-42991B241244}.Debug|x86.ActiveCfg = Debug|Any CPU
		{48082EA0-B933-49B9-A240-42991B241244}.Debug|x86.Build.0 = Debug|Any CPU
		{48082EA0-B933-49B9-A240-42991B241244}.Release|x64.ActiveCfg = Release|x64
		{48082EA0-B933-49B9-A240-42991B241244}.Release|Any CPU.ActiveCfg = Release|Any CPU
		{48082EA0-B933-49B9-A240-42991B241244}.Release|Any CPU.Build.0 = Release|Any CPU
		{48082EA0-B933-49B9-A240-42991B241244}.Release|x86.ActiveCfg = Release|Any CPU
		{48082EA0-B933-49B9-A240-42991B241244}.Release|x86.Build.0 = Release|Any CPU
		{ADF47285-1E10-46D8-AC05-AFD87960A2A9}.Debug|x64.ActiveCfg = Debug|x64
		{ADF47285-1E10-46D8-AC05-AFD87960A2A9}.Debug|x64.Build.0 = Debug|x64
		{ADF47285-1E10-46D8-AC05-AFD87960A2A9}.Debug|Any CPU.ActiveCfg = Debug|Any CPU
		{ADF47285-1E10-46D8-AC05-AFD87960A2A9}.Debug|Any CPU.Build.0 = Debug|Any CPU
		{ADF47285-1E10-46D8-AC05-AFD87960A2A9}.Debug|x86.ActiveCfg = Debug|Any CPU
		{ADF47285-1E10-46D8-AC05-AFD87960A2A9}.Debug|x86.Build.0 = Debug|Any CPU
		{ADF47285-1E10-46D8-AC05-AFD87960A2A9}.Release|x64.ActiveCfg = Release|x64
		{ADF47285-1E10-46D8-AC05-AFD87960A2A9}.Release|x64.Build.0 = Release|x64
		{ADF47285-1E10-46D8-AC05-AFD87960A2A9}.Release|Any CPU.ActiveCfg = Release|Any CPU
		{ADF47285-1E10-46D8-AC05-AFD87960A2A9}.Release|Any CPU.Build.0 = Release|Any CPU
		{ADF47285-1E10-46D8-AC05-AFD87960A2A9}.Release|x86.ActiveCfg = Release|Any CPU
		{ADF47285-1E10-46D8-AC05-AFD87960A2A9}.Release|x86.Build.0 = Release|Any CPU
		{38225816-6869-4FC1-8C30-C21CB86F691C}.Debug|x64.ActiveCfg = Debug|x64
		{38225816-6869-4FC1-8C30-C21CB86F691C}.Debug|x64.Build.0 = Debug|x64
		{38225816-6869-4FC1-8C30-C21CB86F691C}.Debug|Any CPU.ActiveCfg = Debug|Any CPU
		{38225816-6869-4FC1-8C30-C21CB86F691C}.Debug|Any CPU.Build.0 = Debug|Any CPU
		{38225816-6869-4FC1-8C30-C21CB86F691C}.Debug|x86.ActiveCfg = Debug|Any CPU
		{38225816-6869-4FC1-8C30-C21CB86F691C}.Debug|x86.Build.0 = Debug|Any CPU
		{38225816-6869-4FC1-8C30-C21CB86F691C}.Release|x64.ActiveCfg = Release|x64
		{38225816-6869-4FC1-8C30-C21CB86F691C}.Release|x64.Build.0 = Release|x64
		{38225816-6869-4FC1-8C30-C21CB86F691C}.Release|Any CPU.ActiveCfg = Release|Any CPU
		{38225816-6869-4FC1-8C30-C21CB86F691C}.Release|Any CPU.Build.0 = Release|Any CPU
		{38225816-6869-4FC1-8C30-C21CB86F691C}.Release|x86.ActiveCfg = Release|Any CPU
		{38225816-6869-4FC1-8C30-C21CB86F691C}.Release|x86.Build.0 = Release|Any CPU
		{49600011-AFA5-494A-9207-ECDFE4046D03}.Debug|x64.ActiveCfg = Debug|x64
		{49600011-AFA5-494A-9207-ECDFE4046D03}.Debug|x64.Build.0 = Debug|x64
		{49600011-AFA5-494A-9207-ECDFE4046D03}.Debug|Any CPU.ActiveCfg = Debug|x64
		{49600011-AFA5-494A-9207-ECDFE4046D03}.Debug|Any CPU.Build.0 = Debug|x64
		{49600011-AFA5-494A-9207-ECDFE4046D03}.Debug|x86.ActiveCfg = Debug|Win32
		{49600011-AFA5-494A-9207-ECDFE4046D03}.Debug|x86.Build.0 = Debug|Win32
		{49600011-AFA5-494A-9207-ECDFE4046D03}.Release|x64.ActiveCfg = Release|x64
		{49600011-AFA5-494A-9207-ECDFE4046D03}.Release|x64.Build.0 = Release|x64
		{49600011-AFA5-494A-9207-ECDFE4046D03}.Release|Any CPU.ActiveCfg = Release|x64
		{49600011-AFA5-494A-9207-ECDFE4046D03}.Release|Any CPU.Build.0 = Release|x64
		{49600011-AFA5-494A-9207-ECDFE4046D03}.Release|x86.ActiveCfg = Release|Win32
		{49600011-AFA5-494A-9207-ECDFE4046D03}.Release|x86.Build.0 = Release|Win32
		{ACCC4C9B-BC92-44D2-8FC2-7C1BC16E3AE0}.Debug|x64.ActiveCfg = Debug|x64
		{ACCC4C9B-BC92-44D2-8FC2-7C1BC16E3AE0}.Debug|x64.Build.0 = Debug|x64
		{ACCC4C9B-BC92-44D2-8FC2-7C1BC16E3AE0}.Debug|Any CPU.ActiveCfg = Debug|x64
		{ACCC4C9B-BC92-44D2-8FC2-7C1BC16E3AE0}.Debug|Any CPU.Build.0 = Debug|x64
		{ACCC4C9B-BC92-44D2-8FC2-7C1BC16E3AE0}.Debug|x86.ActiveCfg = Debug|Win32
		{ACCC4C9B-BC92-44D2-8FC2-7C1BC16E3AE0}.Debug|x86.Build.0 = Debug|Win32
		{ACCC4C9B-BC92-44D2-8FC2-7C1BC16E3AE0}.Release|x64.ActiveCfg = Release|x64
		{ACCC4C9B-BC92-44D2-8FC2-7C1BC16E3AE0}.Release|x64.Build.0 = Release|x64
		{ACCC4C9B-BC92-44D2-8FC2-7C1BC16E3AE0}.Release|Any CPU.ActiveCfg = Release|x64
		{ACCC4C9B-BC92-44D2-8FC2-7C1BC16E3AE0}.Release|Any CPU.Build.0 = Release|x64
		{ACCC4C9B-BC92-44D2-8FC2-7C1BC16E3AE0}.Release|x86.ActiveCfg = Release|Win32
		{ACCC4C9B-BC92-44D2-8FC2-7C1BC16E3AE0}.Release|x86.Build.0 = Release|Win32
		{44560634-20E2-40C9-9485-14ED32127071}.Debug|x64.ActiveCfg = Debug|x64
		{44560634-20E2-40C9-9485-14ED32127071}.Debug|x64.Build.0 = Debug|x64
		{44560634-20E2-40C9-9485-14ED32127071}.Debug|Any CPU.ActiveCfg = Debug|Any CPU
		{44560634-20E2-40C9-9485-14ED32127071}.Debug|Any CPU.Build.0 = Debug|Any CPU
		{44560634-20E2-40C9-9485-14ED32127071}.Debug|x86.ActiveCfg = Debug|Any CPU
		{44560634-20E2-40C9-9485-14ED32127071}.Debug|x86.Build.0 = Debug|Any CPU
		{44560634-20E2-40C9-9485-14ED32127071}.Release|x64.ActiveCfg = Release|x64
		{44560634-20E2-40C9-9485-14ED32127071}.Release|x64.Build.0 = Release|x64
		{44560634-20E2-40C9-9485-14ED32127071}.Release|Any CPU.ActiveCfg = Release|Any CPU
		{44560634-20E2-40C9-9485-14ED32127071}.Release|Any CPU.Build.0 = Release|Any CPU
		{44560634-20E2-40C9-9485-14ED32127071}.Release|x86.ActiveCfg = Release|Any CPU
		{44560634-20E2-40C9-9485-14ED32127071}.Release|x86.Build.0 = Release|Any CPU
		{536F7A52-7307-4CEA-85BF-364426CDC219}.Debug|x64.ActiveCfg = Debug|x64
		{536F7A52-7307-4CEA-85BF-364426CDC219}.Debug|x64.Build.0 = Debug|x64
		{536F7A52-7307-4CEA-85BF-364426CDC219}.Debug|Any CPU.ActiveCfg = Debug|Any CPU
		{536F7A52-7307-4CEA-85BF-364426CDC219}.Debug|Any CPU.Build.0 = Debug|Any CPU
		{536F7A52-7307-4CEA-85BF-364426CDC219}.Debug|x86.ActiveCfg = Debug|Any CPU
		{536F7A52-7307-4CEA-85BF-364426CDC219}.Debug|x86.Build.0 = Debug|Any CPU
		{536F7A52-7307-4CEA-85BF-364426CDC219}.Release|x64.ActiveCfg = Release|x64
		{536F7A52-7307-4CEA-85BF-364426CDC219}.Release|x64.Build.0 = Release|x64
		{536F7A52-7307-4CEA-85BF-364426CDC219}.Release|Any CPU.ActiveCfg = Release|Any CPU
		{536F7A52-7307-4CEA-85BF-364426CDC219}.Release|Any CPU.Build.0 = Release|Any CPU
		{536F7A52-7307-4CEA-85BF-364426CDC219}.Release|x86.ActiveCfg = Release|Any CPU
		{536F7A52-7307-4CEA-85BF-364426CDC219}.Release|x86.Build.0 = Release|Any CPU
		{6E90244A-4784-4B71-88B6-462939BF5D20}.Debug|x64.ActiveCfg = Debug|x64
		{6E90244A-4784-4B71-88B6-462939BF5D20}.Debug|x64.Build.0 = Debug|x64
		{6E90244A-4784-4B71-88B6-462939BF5D20}.Debug|Any CPU.ActiveCfg = Debug|x64
		{6E90244A-4784-4B71-88B6-462939BF5D20}.Debug|Any CPU.Build.0 = Debug|x64
		{6E90244A-4784-4B71-88B6-462939BF5D20}.Debug|x86.ActiveCfg = Debug|Win32
		{6E90244A-4784-4B71-88B6-462939BF5D20}.Debug|x86.Build.0 = Debug|Win32
		{6E90244A-4784-4B71-88B6-462939BF5D20}.Release|x64.ActiveCfg = Release|x64
		{6E90244A-4784-4B71-88B6-462939BF5D20}.Release|x64.Build.0 = Release|x64
		{6E90244A-4784-4B71-88B6-462939BF5D20}.Release|Any CPU.ActiveCfg = Release|x64
		{6E90244A-4784-4B71-88B6-462939BF5D20}.Release|Any CPU.Build.0 = Release|x64
		{6E90244A-4784-4B71-88B6-462939BF5D20}.Release|x86.ActiveCfg = Release|Win32
		{6E90244A-4784-4B71-88B6-462939BF5D20}.Release|x86.Build.0 = Release|Win32
		{77F65B65-90F8-4430-B2B9-8C17AFF411E7}.Debug|x64.ActiveCfg = Debug|x64
		{77F65B65-90F8-4430-B2B9-8C17AFF411E7}.Debug|x64.Build.0 = Debug|x64
		{77F65B65-90F8-4430-B2B9-8C17AFF411E7}.Debug|Any CPU.ActiveCfg = Debug|Any CPU
		{77F65B65-90F8-4430-B2B9-8C17AFF411E7}.Debug|Any CPU.Build.0 = Debug|Any CPU
		{77F65B65-90F8-4430-B2B9-8C17AFF411E7}.Debug|x86.ActiveCfg = Debug|Any CPU
		{77F65B65-90F8-4430-B2B9-8C17AFF411E7}.Debug|x86.Build.0 = Debug|Any CPU
		{77F65B65-90F8-4430-B2B9-8C17AFF411E7}.Release|x64.ActiveCfg = Release|x64
		{77F65B65-90F8-4430-B2B9-8C17AFF411E7}.Release|x64.Build.0 = Release|x64
		{77F65B65-90F8-4430-B2B9-8C17AFF411E7}.Release|Any CPU.ActiveCfg = Release|Any CPU
		{77F65B65-90F8-4430-B2B9-8C17AFF411E7}.Release|Any CPU.Build.0 = Release|Any CPU
		{77F65B65-90F8-4430-B2B9-8C17AFF411E7}.Release|x86.ActiveCfg = Release|Any CPU
		{77F65B65-90F8-4430-B2B9-8C17AFF411E7}.Release|x86.Build.0 = Release|Any CPU
		{388686F4-5154-423E-8599-5C7A885E9E3A}.Debug|x64.ActiveCfg = Debug|x64
		{388686F4-5154-423E-8599-5C7A885E9E3A}.Debug|x64.Build.0 = Debug|x64
		{388686F4-5154-423E-8599-5C7A885E9E3A}.Debug|Any CPU.ActiveCfg = Debug|Any CPU
		{388686F4-5154-423E-8599-5C7A885E9E3A}.Debug|Any CPU.Build.0 = Debug|Any CPU
		{388686F4-5154-423E-8599-5C7A885E9E3A}.Debug|x86.ActiveCfg = Debug|Any CPU
		{388686F4-5154-423E-8599-5C7A885E9E3A}.Debug|x86.Build.0 = Debug|Any CPU
		{388686F4-5154-423E-8599-5C7A885E9E3A}.Release|x64.ActiveCfg = Release|x64
		{388686F4-5154-423E-8599-5C7A885E9E3A}.Release|x64.Build.0 = Release|x64
		{388686F4-5154-423E-8599-5C7A885E9E3A}.Release|Any CPU.ActiveCfg = Release|Any CPU
		{388686F4-5154-423E-8599-5C7A885E9E3A}.Release|Any CPU.Build.0 = Release|Any CPU
		{388686F4-5154-423E-8599-5C7A885E9E3A}.Release|x86.ActiveCfg = Release|Any CPU
		{388686F4-5154-423E-8599-5C7A885E9E3A}.Release|x86.Build.0 = Release|Any CPU
		{6B82F441-F7AE-40D8-89CC-71199371010C}.Debug|x64.ActiveCfg = Debug|x64
		{6B82F441-F7AE-40D8-89CC-71199371010C}.Debug|x64.Build.0 = Debug|x64
		{6B82F441-F7AE-40D8-89CC-71199371010C}.Debug|Any CPU.ActiveCfg = Debug|Any CPU
		{6B82F441-F7AE-40D8-89CC-71199371010C}.Debug|Any CPU.Build.0 = Debug|Any CPU
		{6B82F441-F7AE-40D8-89CC-71199371010C}.Debug|x86.ActiveCfg = Debug|Any CPU
		{6B82F441-F7AE-40D8-89CC-71199371010C}.Debug|x86.Build.0 = Debug|Any CPU
		{6B82F441-F7AE-40D8-89CC-71199371010C}.Release|x64.ActiveCfg = Release|x64
		{6B82F441-F7AE-40D8-89CC-71199371010C}.Release|x64.Build.0 = Release|x64
		{6B82F441-F7AE-40D8-89CC-71199371010C}.Release|Any CPU.ActiveCfg = Release|Any CPU
		{6B82F441-F7AE-40D8-89CC-71199371010C}.Release|Any CPU.Build.0 = Release|Any CPU
		{6B82F441-F7AE-40D8-89CC-71199371010C}.Release|x86.ActiveCfg = Release|Any CPU
		{6B82F441-F7AE-40D8-89CC-71199371010C}.Release|x86.Build.0 = Release|Any CPU
		{DB3DB096-B3D9-4A4B-AF34-F961084A9BDB}.Debug|x64.ActiveCfg = Debug|x64
		{DB3DB096-B3D9-4A4B-AF34-F961084A9BDB}.Debug|x64.Build.0 = Debug|x64
		{DB3DB096-B3D9-4A4B-AF34-F961084A9BDB}.Debug|Any CPU.ActiveCfg = Debug|Any CPU
		{DB3DB096-B3D9-4A4B-AF34-F961084A9BDB}.Debug|Any CPU.Build.0 = Debug|Any CPU
		{DB3DB096-B3D9-4A4B-AF34-F961084A9BDB}.Debug|x86.ActiveCfg = Debug|Any CPU
		{DB3DB096-B3D9-4A4B-AF34-F961084A9BDB}.Debug|x86.Build.0 = Debug|Any CPU
		{DB3DB096-B3D9-4A4B-AF34-F961084A9BDB}.Release|x64.ActiveCfg = Release|x64
		{DB3DB096-B3D9-4A4B-AF34-F961084A9BDB}.Release|x64.Build.0 = Release|x64
		{DB3DB096-B3D9-4A4B-AF34-F961084A9BDB}.Release|Any CPU.ActiveCfg = Release|Any CPU
		{DB3DB096-B3D9-4A4B-AF34-F961084A9BDB}.Release|Any CPU.Build.0 = Release|Any CPU
		{DB3DB096-B3D9-4A4B-AF34-F961084A9BDB}.Release|x86.ActiveCfg = Release|Any CPU
		{DB3DB096-B3D9-4A4B-AF34-F961084A9BDB}.Release|x86.Build.0 = Release|Any CPU
		{167E10FD-CF9C-49AE-B90F-779448691640}.Debug|x64.ActiveCfg = Debug|x64
		{167E10FD-CF9C-49AE-B90F-779448691640}.Debug|x64.Build.0 = Debug|x64
		{167E10FD-CF9C-49AE-B90F-779448691640}.Debug|Any CPU.ActiveCfg = Debug|Any CPU
		{167E10FD-CF9C-49AE-B90F-779448691640}.Debug|Any CPU.Build.0 = Debug|Any CPU
		{167E10FD-CF9C-49AE-B90F-779448691640}.Debug|x86.ActiveCfg = Debug|Any CPU
		{167E10FD-CF9C-49AE-B90F-779448691640}.Debug|x86.Build.0 = Debug|Any CPU
		{167E10FD-CF9C-49AE-B90F-779448691640}.Release|x64.ActiveCfg = Release|x64
		{167E10FD-CF9C-49AE-B90F-779448691640}.Release|x64.Build.0 = Release|x64
		{167E10FD-CF9C-49AE-B90F-779448691640}.Release|Any CPU.ActiveCfg = Release|Any CPU
		{167E10FD-CF9C-49AE-B90F-779448691640}.Release|Any CPU.Build.0 = Release|Any CPU
		{167E10FD-CF9C-49AE-B90F-779448691640}.Release|x86.ActiveCfg = Release|Any CPU
		{167E10FD-CF9C-49AE-B90F-779448691640}.Release|x86.Build.0 = Release|Any CPU
		{55F279AE-68B4-418B-A869-FAE7BA4DE846}.Debug|x64.ActiveCfg = Debug|x64
		{55F279AE-68B4-418B-A869-FAE7BA4DE846}.Debug|x64.Build.0 = Debug|x64
		{55F279AE-68B4-418B-A869-FAE7BA4DE846}.Debug|Any CPU.ActiveCfg = Debug|Any CPU
		{55F279AE-68B4-418B-A869-FAE7BA4DE846}.Debug|Any CPU.Build.0 = Debug|Any CPU
		{55F279AE-68B4-418B-A869-FAE7BA4DE846}.Debug|x86.ActiveCfg = Debug|Any CPU
		{55F279AE-68B4-418B-A869-FAE7BA4DE846}.Debug|x86.Build.0 = Debug|Any CPU
		{55F279AE-68B4-418B-A869-FAE7BA4DE846}.Release|x64.ActiveCfg = Release|x64
		{55F279AE-68B4-418B-A869-FAE7BA4DE846}.Release|x64.Build.0 = Release|x64
		{55F279AE-68B4-418B-A869-FAE7BA4DE846}.Release|Any CPU.ActiveCfg = Release|Any CPU
		{55F279AE-68B4-418B-A869-FAE7BA4DE846}.Release|Any CPU.Build.0 = Release|Any CPU
		{55F279AE-68B4-418B-A869-FAE7BA4DE846}.Release|x86.ActiveCfg = Release|Any CPU
		{55F279AE-68B4-418B-A869-FAE7BA4DE846}.Release|x86.Build.0 = Release|Any CPU
		{EB17B5A3-4153-49FA-89CD-6BEA77D78F9B}.Debug|x64.ActiveCfg = Debug|x64
		{EB17B5A3-4153-49FA-89CD-6BEA77D78F9B}.Debug|x64.Build.0 = Debug|x64
		{EB17B5A3-4153-49FA-89CD-6BEA77D78F9B}.Debug|Any CPU.ActiveCfg = Debug|Any CPU
		{EB17B5A3-4153-49FA-89CD-6BEA77D78F9B}.Debug|Any CPU.Build.0 = Debug|Any CPU
		{EB17B5A3-4153-49FA-89CD-6BEA77D78F9B}.Debug|x86.ActiveCfg = Debug|Any CPU
		{EB17B5A3-4153-49FA-89CD-6BEA77D78F9B}.Debug|x86.Build.0 = Debug|Any CPU
		{EB17B5A3-4153-49FA-89CD-6BEA77D78F9B}.Release|x64.ActiveCfg = Release|x64
		{EB17B5A3-4153-49FA-89CD-6BEA77D78F9B}.Release|x64.Build.0 = Release|x64
		{EB17B5A3-4153-49FA-89CD-6BEA77D78F9B}.Release|Any CPU.ActiveCfg = Release|Any CPU
		{EB17B5A3-4153-49FA-89CD-6BEA77D78F9B}.Release|Any CPU.Build.0 = Release|Any CPU
		{EB17B5A3-4153-49FA-89CD-6BEA77D78F9B}.Release|x86.ActiveCfg = Release|Any CPU
		{EB17B5A3-4153-49FA-89CD-6BEA77D78F9B}.Release|x86.Build.0 = Release|Any CPU
		{DF32D42C-2998-44C3-8D4D-0B4061F67F25}.Debug|x64.ActiveCfg = Debug|x64
		{DF32D42C-2998-44C3-8D4D-0B4061F67F25}.Debug|x64.Build.0 = Debug|x64
		{DF32D42C-2998-44C3-8D4D-0B4061F67F25}.Debug|Any CPU.ActiveCfg = Debug|Any CPU
		{DF32D42C-2998-44C3-8D4D-0B4061F67F25}.Debug|Any CPU.Build.0 = Debug|Any CPU
		{DF32D42C-2998-44C3-8D4D-0B4061F67F25}.Debug|x86.ActiveCfg = Debug|Any CPU
		{DF32D42C-2998-44C3-8D4D-0B4061F67F25}.Debug|x86.Build.0 = Debug|Any CPU
		{DF32D42C-2998-44C3-8D4D-0B4061F67F25}.Release|x64.ActiveCfg = Release|x64
		{DF32D42C-2998-44C3-8D4D-0B4061F67F25}.Release|x64.Build.0 = Release|x64
		{DF32D42C-2998-44C3-8D4D-0B4061F67F25}.Release|Any CPU.ActiveCfg = Release|Any CPU
		{DF32D42C-2998-44C3-8D4D-0B4061F67F25}.Release|Any CPU.Build.0 = Release|Any CPU
		{DF32D42C-2998-44C3-8D4D-0B4061F67F25}.Release|x86.ActiveCfg = Release|Any CPU
		{DF32D42C-2998-44C3-8D4D-0B4061F67F25}.Release|x86.Build.0 = Release|Any CPU
		{DB0086BA-902F-C398-CE3E-C8080A989848}.Debug|x64.ActiveCfg = Debug|x64
		{DB0086BA-902F-C398-CE3E-C8080A989848}.Debug|x64.Build.0 = Debug|x64
		{DB0086BA-902F-C398-CE3E-C8080A989848}.Debug|Any CPU.ActiveCfg = Debug|Any CPU
		{DB0086BA-902F-C398-CE3E-C8080A989848}.Debug|Any CPU.Build.0 = Debug|Any CPU
		{DB0086BA-902F-C398-CE3E-C8080A989848}.Debug|x86.ActiveCfg = Debug|Any CPU
		{DB0086BA-902F-C398-CE3E-C8080A989848}.Debug|x86.Build.0 = Debug|Any CPU
		{DB0086BA-902F-C398-CE3E-C8080A989848}.Release|x64.ActiveCfg = Release|x64
		{DB0086BA-902F-C398-CE3E-C8080A989848}.Release|Any CPU.ActiveCfg = Release|Any CPU
		{DB0086BA-902F-C398-CE3E-C8080A989848}.Release|Any CPU.Build.0 = Release|Any CPU
		{DB0086BA-902F-C398-CE3E-C8080A989848}.Release|x86.ActiveCfg = Release|Any CPU
		{DB0086BA-902F-C398-CE3E-C8080A989848}.Release|x86.Build.0 = Release|Any CPU
		{4E22A349-8794-8D19-2383-63D6E1320FDB}.Debug|x64.ActiveCfg = Debug|x64
		{4E22A349-8794-8D19-2383-63D6E1320FDB}.Debug|x64.Build.0 = Debug|x64
		{4E22A349-8794-8D19-2383-63D6E1320FDB}.Debug|Any CPU.ActiveCfg = Debug|Any CPU
		{4E22A349-8794-8D19-2383-63D6E1320FDB}.Debug|Any CPU.Build.0 = Debug|Any CPU
		{4E22A349-8794-8D19-2383-63D6E1320FDB}.Debug|x86.ActiveCfg = Debug|Any CPU
		{4E22A349-8794-8D19-2383-63D6E1320FDB}.Debug|x86.Build.0 = Debug|Any CPU
		{4E22A349-8794-8D19-2383-63D6E1320FDB}.Release|x64.ActiveCfg = Release|x64
		{4E22A349-8794-8D19-2383-63D6E1320FDB}.Release|x64.Build.0 = Release|x64
		{4E22A349-8794-8D19-2383-63D6E1320FDB}.Release|Any CPU.ActiveCfg = Release|Any CPU
		{4E22A349-8794-8D19-2383-63D6E1320FDB}.Release|Any CPU.Build.0 = Release|Any CPU
		{4E22A349-8794-8D19-2383-63D6E1320FDB}.Release|x86.ActiveCfg = Release|Any CPU
		{4E22A349-8794-8D19-2383-63D6E1320FDB}.Release|x86.Build.0 = Release|Any CPU
		{724CF42F-EBF7-46B3-B9BF-06A8D8A76264}.Debug|x64.ActiveCfg = Debug|x64
		{724CF42F-EBF7-46B3-B9BF-06A8D8A76264}.Debug|x64.Build.0 = Debug|x64
		{724CF42F-EBF7-46B3-B9BF-06A8D8A76264}.Debug|Any CPU.ActiveCfg = Debug|x64
		{724CF42F-EBF7-46B3-B9BF-06A8D8A76264}.Debug|Any CPU.Build.0 = Debug|x64
		{724CF42F-EBF7-46B3-B9BF-06A8D8A76264}.Debug|x86.ActiveCfg = Debug|x64
		{724CF42F-EBF7-46B3-B9BF-06A8D8A76264}.Debug|x86.Build.0 = Debug|x64
		{724CF42F-EBF7-46B3-B9BF-06A8D8A76264}.Release|x64.ActiveCfg = Release|x64
		{724CF42F-EBF7-46B3-B9BF-06A8D8A76264}.Release|x64.Build.0 = Release|x64
		{724CF42F-EBF7-46B3-B9BF-06A8D8A76264}.Release|Any CPU.ActiveCfg = Release|x64
		{724CF42F-EBF7-46B3-B9BF-06A8D8A76264}.Release|Any CPU.Build.0 = Release|x64
		{724CF42F-EBF7-46B3-B9BF-06A8D8A76264}.Release|x86.ActiveCfg = Release|x64
		{724CF42F-EBF7-46B3-B9BF-06A8D8A76264}.Release|x86.Build.0 = Release|x64
	EndGlobalSection
	GlobalSection(SolutionProperties) = preSolution
		HideSolutionNode = FALSE
	EndGlobalSection
	GlobalSection(NestedProjects) = preSolution
		{B0B15A03-70CE-4D57-9505-80B48A6CBE48} = {D8D5BA1F-3311-48CB-AD01-F6F6D34425D8}
		{FD6B8A34-153C-4251-8BDC-76048E4CE921} = {2DCBC4EF-D103-4E32-A49B-C76B30D4EC30}
		{CFE61290-AB33-4C7B-B683-4A82C5A656DA} = {D8D5BA1F-3311-48CB-AD01-F6F6D34425D8}
		{F3681FDF-7C6B-4971-870A-C9A76378B1D4} = {D8D5BA1F-3311-48CB-AD01-F6F6D34425D8}
		{48082EA0-B933-49B9-A240-42991B241244} = {BBE4D9A2-BEBA-4B77-87F5-4BDBD2096390}
		{ADF47285-1E10-46D8-AC05-AFD87960A2A9} = {02EA681E-C7D8-13C7-8484-4AC65E1B71E8}
		{38225816-6869-4FC1-8C30-C21CB86F691C} = {02EA681E-C7D8-13C7-8484-4AC65E1B71E8}
		{49600011-AFA5-494A-9207-ECDFE4046D03} = {02EA681E-C7D8-13C7-8484-4AC65E1B71E8}
		{ACCC4C9B-BC92-44D2-8FC2-7C1BC16E3AE0} = {02EA681E-C7D8-13C7-8484-4AC65E1B71E8}
		{44560634-20E2-40C9-9485-14ED32127071} = {02EA681E-C7D8-13C7-8484-4AC65E1B71E8}
		{536F7A52-7307-4CEA-85BF-364426CDC219} = {7631EF70-A00D-4CEC-B486-F47680B5A7B9}
		{6E90244A-4784-4B71-88B6-462939BF5D20} = {7631EF70-A00D-4CEC-B486-F47680B5A7B9}
		{77F65B65-90F8-4430-B2B9-8C17AFF411E7} = {7631EF70-A00D-4CEC-B486-F47680B5A7B9}
		{388686F4-5154-423E-8599-5C7A885E9E3A} = {7631EF70-A00D-4CEC-B486-F47680B5A7B9}
		{6B82F441-F7AE-40D8-89CC-71199371010C} = {BBE4D9A2-BEBA-4B77-87F5-4BDBD2096390}
		{DB3DB096-B3D9-4A4B-AF34-F961084A9BDB} = {0C769281-F31C-4097-9395-1898603FC48C}
		{167E10FD-CF9C-49AE-B90F-779448691640} = {0C769281-F31C-4097-9395-1898603FC48C}
		{55F279AE-68B4-418B-A869-FAE7BA4DE846} = {0C769281-F31C-4097-9395-1898603FC48C}
		{EB17B5A3-4153-49FA-89CD-6BEA77D78F9B} = {BBE4D9A2-BEBA-4B77-87F5-4BDBD2096390}
		{02EA681E-C7D8-13C7-8484-4AC65E1B71E8} = {ED28EE67-36CF-43A8-AB16-A0746A72D14E}
		{D8D5BA1F-3311-48CB-AD01-F6F6D34425D8} = {ED28EE67-36CF-43A8-AB16-A0746A72D14E}
		{0C769281-F31C-4097-9395-1898603FC48C} = {ED28EE67-36CF-43A8-AB16-A0746A72D14E}
		{BBE4D9A2-BEBA-4B77-87F5-4BDBD2096390} = {ED28EE67-36CF-43A8-AB16-A0746A72D14E}
		{F91BC500-884B-4444-88A8-22A2FC0DCF53} = {ED28EE67-36CF-43A8-AB16-A0746A72D14E}
		{DF32D42C-2998-44C3-8D4D-0B4061F67F25} = {F91BC500-884B-4444-88A8-22A2FC0DCF53}
		{DB0086BA-902F-C398-CE3E-C8080A989848} = {2DCBC4EF-D103-4E32-A49B-C76B30D4EC30}
		{4E22A349-8794-8D19-2383-63D6E1320FDB} = {02EA681E-C7D8-13C7-8484-4AC65E1B71E8}
		{724CF42F-EBF7-46B3-B9BF-06A8D8A76264} = {ED28EE67-36CF-43A8-AB16-A0746A72D14E}
	EndGlobalSection
	GlobalSection(ExtensibilityGlobals) = postSolution
		SolutionGuid = {B1BB9CAA-C714-4F68-B8D1-47CAD9A90738}
	EndGlobalSection
EndGlobal
