
Microsoft Visual Studio Solution File, Format Version 12.00
# Visual Studio Version 17
VisualStudioVersion = 17.9.34728.123
MinimumVisualStudioVersion = 10.0.40219.1
Project("{2150E333-8FDC-42A3-9474-1A3956D46DE8}") = "Libraries", "Libraries", "{2DCBC4EF-D103-4E32-A49B-C76B30D4EC30}"
EndProject
Project("{2150E333-8FDC-42A3-9474-1A3956D46DE8}") = "Drivers", "Drivers", "{7631EF70-A00D-4CEC-B486-F47680B5A7B9}"
EndProject
Project("{2150E333-8FDC-42A3-9474-1A3956D46DE8}") = "Testers", "Testers", "{ED28EE67-36CF-43A8-AB16-A0746A72D14E}"
EndProject
Project("{9A19103F-16F7-4668-BE54-9A1E7A4F7556}") = "ClickTester", "Testers\ClickTester\ClickTester.csproj", "{B0B15A03-70CE-4D57-9505-80B48A6CBE48}"
EndProject
Project("{9A19103F-16F7-4668-BE54-9A1E7A4F7556}") = "DAQFramework", "Libraries\HWControlCommon\DAQFramework.csproj", "{FD6B8A34-153C-4251-8BDC-76048E4CE921}"
EndProject
Project("{9A19103F-16F7-4668-BE54-9A1E7A4F7556}") = "ClickDllTester", "Testers\ClickTesterDllOnly\ClickDllTester.csproj", "{CFE61290-AB33-4C7B-B683-4A82C5A656DA}"
EndProject
Project("{9A19103F-16F7-4668-BE54-9A1E7A4F7556}") = "ClickPlcUnitTest", "Testers\ClickPlcUnitTest\ClickPlcUnitTest.csproj", "{F3681FDF-7C6B-4971-870A-C9A76378B1D4}"
EndProject
Project("{9A19103F-16F7-4668-BE54-9A1E7A4F7556}") = "DAQmxWrapUnitTest", "Testers\DAQmxWrapUnitTest\DAQmxWrapUnitTest.csproj", "{48082EA0-B933-49B9-A240-42991B241244}"
EndProject
Project("{9A19103F-16F7-4668-BE54-9A1E7A4F7556}") = "MMTimer", "Testers\ConsoleApp1\MMTimer.csproj", "{ADF47285-1E10-46D8-AC05-AFD87960A2A9}"
EndProject
Project("{9A19103F-16F7-4668-BE54-9A1E7A4F7556}") = "MMTUnitTest", "Testers\MMT_Tester\MMTUnitTest.csproj", "{38225816-6869-4FC1-8C30-C21CB86F691C}"
EndProject
Project("{8BC9CEB8-8B4A-11D0-8D11-00A0C91BC942}") = "BoostCheck", "Testers\BoostCheck\BoostCheck.vcxproj", "{49600011-AFA5-494A-9207-ECDFE4046D03}"
EndProject
Project("{8BC9CEB8-8B4A-11D0-8D11-00A0C91BC942}") = "MMTimerCPP", "Testers\MMTimerCPP\MMTimerCPP.vcxproj", "{ACCC4C9B-BC92-44D2-8FC2-7C1BC16E3AE0}"
EndProject
Project("{9A19103F-16F7-4668-BE54-9A1E7A4F7556}") = "StatePatternFramework", "StatePatternFramework\StatePatternFramework.csproj", "{12F4BBF0-7255-4110-96E1-7F3D9E167E56}"
EndProject
Project("{9A19103F-16F7-4668-BE54-9A1E7A4F7556}") = "TimerTest", "Testers\TimerTest\TimerTest.csproj", "{44560634-20E2-40C9-9485-14ED32127071}"
EndProject
Project("{9A19103F-16F7-4668-BE54-9A1E7A4F7556}") = "ClickPLCDriver", "Drivers\ClickPLC\ClickPLCDriver.csproj", "{536F7A52-7307-4CEA-85BF-364426CDC219}"
EndProject
Project("{8BC9CEB8-8B4A-11D0-8D11-00A0C91BC942}") = "DAQmxNETDriver", "Drivers\DAQmxCLI\DAQmxNETDriver.vcxproj", "{6E90244A-4784-4B71-88B6-462939BF5D20}"
EndProject
Project("{9A19103F-16F7-4668-BE54-9A1E7A4F7556}") = "ModBusClient", "Drivers\ModBusClient\ModBusClient.csproj", "{77F65B65-90F8-4430-B2B9-8C17AFF411E7}"
EndProject
Global
	GlobalSection(SolutionConfigurationPlatforms) = preSolution
		Debug|x64 = Debug|x64
		Release|x64 = Release|x64
	EndGlobalSection
	GlobalSection(ProjectConfigurationPlatforms) = postSolution
		{B0B15A03-70CE-4D57-9505-80B48A6CBE48}.Debug|x64.ActiveCfg = Debug|x64
		{B0B15A03-70CE-4D57-9505-80B48A6CBE48}.Debug|x64.Build.0 = Debug|x64
		{B0B15A03-70CE-4D57-9505-80B48A6CBE48}.Release|x64.ActiveCfg = Release|x64
		{B0B15A03-70CE-4D57-9505-80B48A6CBE48}.Release|x64.Build.0 = Release|x64
		{FD6B8A34-153C-4251-8BDC-76048E4CE921}.Debug|x64.ActiveCfg = Debug|x64
		{FD6B8A34-153C-4251-8BDC-76048E4CE921}.Debug|x64.Build.0 = Debug|x64
		{FD6B8A34-153C-4251-8BDC-76048E4CE921}.Release|x64.ActiveCfg = Release|x64
		{FD6B8A34-153C-4251-8BDC-76048E4CE921}.Release|x64.Build.0 = Release|x64
		{CFE61290-AB33-4C7B-B683-4A82C5A656DA}.Debug|x64.ActiveCfg = Debug|x64
		{CFE61290-AB33-4C7B-B683-4A82C5A656DA}.Release|x64.ActiveCfg = Release|x64
		{F3681FDF-7C6B-4971-870A-C9A76378B1D4}.Debug|x64.ActiveCfg = Debug|x64
		{F3681FDF-7C6B-4971-870A-C9A76378B1D4}.Debug|x64.Build.0 = Debug|x64
		{F3681FDF-7C6B-4971-870A-C9A76378B1D4}.Release|x64.ActiveCfg = Release|x64
		{F3681FDF-7C6B-4971-870A-C9A76378B1D4}.Release|x64.Build.0 = Release|x64
		{48082EA0-B933-49B9-A240-42991B241244}.Debug|x64.ActiveCfg = Debug|x64
		{48082EA0-B933-49B9-A240-42991B241244}.Debug|x64.Build.0 = Debug|x64
		{48082EA0-B933-49B9-A240-42991B241244}.Release|x64.ActiveCfg = Release|x64
		{ADF47285-1E10-46D8-AC05-AFD87960A2A9}.Debug|x64.ActiveCfg = Debug|x64
		{ADF47285-1E10-46D8-AC05-AFD87960A2A9}.Debug|x64.Build.0 = Debug|x64
		{ADF47285-1E10-46D8-AC05-AFD87960A2A9}.Release|x64.ActiveCfg = Release|x64
		{ADF47285-1E10-46D8-AC05-AFD87960A2A9}.Release|x64.Build.0 = Release|x64
		{38225816-6869-4FC1-8C30-C21CB86F691C}.Debug|x64.ActiveCfg = Debug|x64
		{38225816-6869-4FC1-8C30-C21CB86F691C}.Debug|x64.Build.0 = Debug|x64
		{38225816-6869-4FC1-8C30-C21CB86F691C}.Release|x64.ActiveCfg = Release|x64
		{38225816-6869-4FC1-8C30-C21CB86F691C}.Release|x64.Build.0 = Release|x64
		{49600011-AFA5-494A-9207-ECDFE4046D03}.Debug|x64.ActiveCfg = Debug|x64
		{49600011-AFA5-494A-9207-ECDFE4046D03}.Debug|x64.Build.0 = Debug|x64
		{49600011-AFA5-494A-9207-ECDFE4046D03}.Release|x64.ActiveCfg = Release|x64
		{49600011-AFA5-494A-9207-ECDFE4046D03}.Release|x64.Build.0 = Release|x64
		{ACCC4C9B-BC92-44D2-8FC2-7C1BC16E3AE0}.Debug|x64.ActiveCfg = Debug|x64
		{ACCC4C9B-BC92-44D2-8FC2-7C1BC16E3AE0}.Debug|x64.Build.0 = Debug|x64
		{ACCC4C9B-BC92-44D2-8FC2-7C1BC16E3AE0}.Release|x64.ActiveCfg = Release|x64
		{ACCC4C9B-BC92-44D2-8FC2-7C1BC16E3AE0}.Release|x64.Build.0 = Release|x64
		{12F4BBF0-7255-4110-96E1-7F3D9E167E56}.Debug|x64.ActiveCfg = Debug|x64
		{12F4BBF0-7255-4110-96E1-7F3D9E167E56}.Debug|x64.Build.0 = Debug|x64
		{12F4BBF0-7255-4110-96E1-7F3D9E167E56}.Release|x64.ActiveCfg = Release|Any CPU
		{12F4BBF0-7255-4110-96E1-7F3D9E167E56}.Release|x64.Build.0 = Release|Any CPU
		{44560634-20E2-40C9-9485-14ED32127071}.Debug|x64.ActiveCfg = Debug|x64
		{44560634-20E2-40C9-9485-14ED32127071}.Debug|x64.Build.0 = Debug|x64
		{44560634-20E2-40C9-9485-14ED32127071}.Release|x64.ActiveCfg = Release|x64
		{536F7A52-7307-4CEA-85BF-364426CDC219}.Debug|x64.ActiveCfg = Debug|x64
		{536F7A52-7307-4CEA-85BF-364426CDC219}.Debug|x64.Build.0 = Debug|x64
		{536F7A52-7307-4CEA-85BF-364426CDC219}.Release|x64.ActiveCfg = Release|x64
		{536F7A52-7307-4CEA-85BF-364426CDC219}.Release|x64.Build.0 = Release|x64
		{6E90244A-4784-4B71-88B6-462939BF5D20}.Debug|x64.ActiveCfg = Debug|x64
		{6E90244A-4784-4B71-88B6-462939BF5D20}.Debug|x64.Build.0 = Debug|x64
		{6E90244A-4784-4B71-88B6-462939BF5D20}.Release|x64.ActiveCfg = Release|x64
		{6E90244A-4784-4B71-88B6-462939BF5D20}.Release|x64.Build.0 = Release|x64
		{77F65B65-90F8-4430-B2B9-8C17AFF411E7}.Debug|x64.ActiveCfg = Debug|x64
		{77F65B65-90F8-4430-B2B9-8C17AFF411E7}.Debug|x64.Build.0 = Debug|x64
		{77F65B65-90F8-4430-B2B9-8C17AFF411E7}.Release|x64.ActiveCfg = Release|x64
		{77F65B65-90F8-4430-B2B9-8C17AFF411E7}.Release|x64.Build.0 = Release|x64
	EndGlobalSection
	GlobalSection(SolutionProperties) = preSolution
		HideSolutionNode = FALSE
	EndGlobalSection
	GlobalSection(NestedProjects) = preSolution
		{B0B15A03-70CE-4D57-9505-80B48A6CBE48} = {ED28EE67-36CF-43A8-AB16-A0746A72D14E}
		{FD6B8A34-153C-4251-8BDC-76048E4CE921} = {2DCBC4EF-D103-4E32-A49B-C76B30D4EC30}
		{CFE61290-AB33-4C7B-B683-4A82C5A656DA} = {ED28EE67-36CF-43A8-AB16-A0746A72D14E}
		{F3681FDF-7C6B-4971-870A-C9A76378B1D4} = {ED28EE67-36CF-43A8-AB16-A0746A72D14E}
		{48082EA0-B933-49B9-A240-42991B241244} = {ED28EE67-36CF-43A8-AB16-A0746A72D14E}
		{ADF47285-1E10-46D8-AC05-AFD87960A2A9} = {ED28EE67-36CF-43A8-AB16-A0746A72D14E}
		{38225816-6869-4FC1-8C30-C21CB86F691C} = {ED28EE67-36CF-43A8-AB16-A0746A72D14E}
		{49600011-AFA5-494A-9207-ECDFE4046D03} = {ED28EE67-36CF-43A8-AB16-A0746A72D14E}
		{ACCC4C9B-BC92-44D2-8FC2-7C1BC16E3AE0} = {ED28EE67-36CF-43A8-AB16-A0746A72D14E}
		{12F4BBF0-7255-4110-96E1-7F3D9E167E56} = {2DCBC4EF-D103-4E32-A49B-C76B30D4EC30}
		{44560634-20E2-40C9-9485-14ED32127071} = {ED28EE67-36CF-43A8-AB16-A0746A72D14E}
		{536F7A52-7307-4CEA-85BF-364426CDC219} = {7631EF70-A00D-4CEC-B486-F47680B5A7B9}
		{6E90244A-4784-4B71-88B6-462939BF5D20} = {7631EF70-A00D-4CEC-B486-F47680B5A7B9}
		{77F65B65-90F8-4430-B2B9-8C17AFF411E7} = {7631EF70-A00D-4CEC-B486-F47680B5A7B9}
	EndGlobalSection
	GlobalSection(ExtensibilityGlobals) = postSolution
		SolutionGuid = {B1BB9CAA-C714-4F68-B8D1-47CAD9A90738}
	EndGlobalSection
EndGlobal
